
Microsoft Visual Studio Solution File, Format Version 12.00
# Visual Studio Version 17
VisualStudioVersion = 17.8.34330.188
MinimumVisualStudioVersion = 10.0.40219.1
Project("{9A19103F-16F7-4668-BE54-9A1E7A4F7556}") = "mitoSoft.Workflows.Webeditor", "mitoSoft.Workflows.Webeditor\mitoSoft.Workflows.Webeditor.csproj", "{1D96DEB3-905A-4B2F-81DB-0E87CC7CD5E0}"
EndProject
Global
	GlobalSection(SolutionConfigurationPlatforms) = preSolution
		Debug|Any CPU = Debug|Any CPU
		Release|Any CPU = Release|Any CPU
	EndGlobalSection
	GlobalSection(ProjectConfigurationPlatforms) = postSolution
		{1D96DEB3-905A-4B2F-81DB-0E87CC7CD5E0}.Debug|Any CPU.ActiveCfg = Debug|Any CPU
		{1D96DEB3-905A-4B2F-81DB-0E87CC7CD5E0}.Debug|Any CPU.Build.0 = Debug|Any CPU
		{1D96DEB3-905A-4B2F-81DB-0E87CC7CD5E0}.Release|Any CPU.ActiveCfg = Release|Any CPU
		{1D96DEB3-905A-4B2F-81DB-0E87CC7CD5E0}.Release|Any CPU.Build.0 = Release|Any CPU
	EndGlobalSection
	GlobalSection(SolutionProperties) = preSolution
		HideSolutionNode = FALSE
	EndGlobalSection
	GlobalSection(ExtensibilityGlobals) = postSolution
		SolutionGuid = {96398105-C9FF-4CBB-B8DB-BB5C4C9C13A7}
	EndGlobalSection
EndGlobal
